
Microsoft Visual Studio Solution File, Format Version 12.00
# Visual Studio 2013
VisualStudioVersion = 12.0.21005.1
MinimumVisualStudioVersion = 10.0.40219.1
Project("{FAE04EC0-301F-11D3-BF4B-00C04F79EFBC}") = "MCServerManager v2.0", "MCServerManager v2.0.csproj", "{F77979BA-07ED-4CC7-AD7A-B8C950F51767}"
EndProject
Global
	GlobalSection(SolutionConfigurationPlatforms) = preSolution
		Debug|Any CPU = Debug|Any CPU
		Release|Any CPU = Release|Any CPU
	EndGlobalSection
	GlobalSection(ProjectConfigurationPlatforms) = postSolution
		{F77979BA-07ED-4CC7-AD7A-B8C950F51767}.Debug|Any CPU.ActiveCfg = Debug|Any CPU
		{F77979BA-07ED-4CC7-AD7A-B8C950F51767}.Debug|Any CPU.Build.0 = Debug|Any CPU
		{F77979BA-07ED-4CC7-AD7A-B8C950F51767}.Release|Any CPU.ActiveCfg = Release|Any CPU
		{F77979BA-07ED-4CC7-AD7A-B8C950F51767}.Release|Any CPU.Build.0 = Release|Any CPU
	EndGlobalSection
	GlobalSection(SolutionProperties) = preSolution
		HideSolutionNode = FALSE
	EndGlobalSection
EndGlobal
